<Solution>
  <Project Path="src/Goo.Animations/Goo.Animations.gsproj" Type="9A19103F-16F7-4668-BE54-9A1E7A4F7556" />
  <Project Path="samples/Goo.Animations.QuickStart/Goo.Animations.QuickStart.gsproj" Type="9A19103F-16F7-4668-BE54-9A1E7A4F7556" />
  <Project Path="samples/Goo.Animations.Widgets/Goo.Animations.Widgets.gsproj" Type="9A19103F-16F7-4668-BE54-9A1E7A4F7556" />
</Solution>
